
Microsoft Visual Studio Solution File, Format Version 12.00
# Visual Studio Version 17
VisualStudioVersion = 17.14.36310.24
MinimumVisualStudioVersion = 10.0.40219.1
Project("{FAE04EC0-301F-11D3-BF4B-00C04F79EFBC}") = "TNTU", "TNTU\TNTU.csproj", "{6B0BDB4A-2BAA-4E42-BFE7-2283C5C54E7E}"
EndProject
Project("{FAE04EC0-301F-11D3-BF4B-00C04F79EFBC}") = "TNTU.Async", "TNTU.Async\TNTU.Async.csproj", "{9C47CB5D-1824-4ADF-BC22-3D2EA2C4C854}"
EndProject
Global
	GlobalSection(SolutionConfigurationPlatforms) = preSolution
		Debug|Any CPU = Debug|Any CPU
		Release|Any CPU = Release|Any CPU
	EndGlobalSection
	GlobalSection(ProjectConfigurationPlatforms) = postSolution
		{6B0BDB4A-2BAA-4E42-BFE7-2283C5C54E7E}.Debug|Any CPU.ActiveCfg = Debug|Any CPU
		{6B0BDB4A-2BAA-4E42-BFE7-2283C5C54E7E}.Debug|Any CPU.Build.0 = Debug|Any CPU
		{6B0BDB4A-2BAA-4E42-BFE7-2283C5C54E7E}.Release|Any CPU.ActiveCfg = Release|Any CPU
		{6B0BDB4A-2BAA-4E42-BFE7-2283C5C54E7E}.Release|Any CPU.Build.0 = Release|Any CPU
		{9C47CB5D-1824-4ADF-BC22-3D2EA2C4C854}.Debug|Any CPU.ActiveCfg = Debug|Any CPU
		{9C47CB5D-1824-4ADF-BC22-3D2EA2C4C854}.Debug|Any CPU.Build.0 = Debug|Any CPU
		{9C47CB5D-1824-4ADF-BC22-3D2EA2C4C854}.Release|Any CPU.ActiveCfg = Release|Any CPU
		{9C47CB5D-1824-4ADF-BC22-3D2EA2C4C854}.Release|Any CPU.Build.0 = Release|Any CPU
	EndGlobalSection
	GlobalSection(SolutionProperties) = preSolution
		HideSolutionNode = FALSE
	EndGlobalSection
	GlobalSection(ExtensibilityGlobals) = postSolution
		SolutionGuid = {4D475E28-C0F0-4AB2-A060-03BAC46EF4DA}
	EndGlobalSection
EndGlobal
